// !$*UTF8*$!
{
	archiveVersion = 1;
	classes = {
	};
	objectVersion = 55;
	objects = {

/* Begin PBXBuildFile section */
		3680382327AD4C1D00E0680E /* AppDelegate.swift in Sources */ = {isa = PBXBuildFile; fileRef = 3680382227AD4C1D00E0680E /* AppDelegate.swift */; };
		3680382527AD4C1D00E0680E /* SceneDelegate.swift in Sources */ = {isa = PBXBuildFile; fileRef = 3680382427AD4C1D00E0680E /* SceneDelegate.swift */; };
		3680382A27AD4C1D00E0680E /* Main.storyboard in Resources */ = {isa = PBXBuildFile; fileRef = 3680382827AD4C1D00E0680E /* Main.storyboard */; };
		3680382C27AD4C1E00E0680E /* Assets.xcassets in Resources */ = {isa = PBXBuildFile; fileRef = 3680382B27AD4C1E00E0680E /* Assets.xcassets */; };
		3680382F27AD4C1E00E0680E /* LaunchScreen.storyboard in Resources */ = {isa = PBXBuildFile; fileRef = 3680382D27AD4C1E00E0680E /* LaunchScreen.storyboard */; };
		3680383727AD4D7100E0680E /* SecondViewController.swift in Sources */ = {isa = PBXBuildFile; fileRef = 3680383627AD4D7100E0680E /* SecondViewController.swift */; };
		3680383927AD4D7800E0680E /* BaseViewController.swift in Sources */ = {isa = PBXBuildFile; fileRef = 3680383827AD4D7800E0680E /* BaseViewController.swift */; };
		3680383B27AD4D9800E0680E /* FirstViewController.swift in Sources */ = {isa = PBXBuildFile; fileRef = 3680383A27AD4D9800E0680E /* FirstViewController.swift */; };
/* End PBXBuildFile section */

/* Begin PBXFileReference section */
		3680381F27AD4C1D00E0680E /* BaseViewController with Photo Picker.app */ = {isa = PBXFileReference; explicitFileType = wrapper.application; includeInIndex = 0; path = "BaseViewController with Photo Picker.app"; sourceTree = BUILT_PRODUCTS_DIR; };
		3680382227AD4C1D00E0680E /* AppDelegate.swift */ = {isa = PBXFileReference; lastKnownFileType = sourcecode.swift; path = AppDelegate.swift; sourceTree = "<group>"; };
		3680382427AD4C1D00E0680E /* SceneDelegate.swift */ = {isa = PBXFileReference; lastKnownFileType = sourcecode.swift; path = SceneDelegate.swift; sourceTree = "<group>"; };
		3680382927AD4C1D00E0680E /* Base */ = {isa = PBXFileReference; lastKnownFileType = file.storyboard; name = Base; path = Base.lproj/Main.storyboard; sourceTree = "<group>"; };
		3680382B27AD4C1E00E0680E /* Assets.xcassets */ = {isa = PBXFileReference; lastKnownFileType = folder.assetcatalog; path = Assets.xcassets; sourceTree = "<group>"; };
		3680382E27AD4C1E00E0680E /* Base */ = {isa = PBXFileReference; lastKnownFileType = file.storyboard; name = Base; path = Base.lproj/LaunchScreen.storyboard; sourceTree = "<group>"; };
		3680383027AD4C1E00E0680E /* Info.plist */ = {isa = PBXFileReference; lastKnownFileType = text.plist.xml; path = Info.plist; sourceTree = "<group>"; };
		3680383627AD4D7100E0680E /* SecondViewController.swift */ = {isa = PBXFileReference; lastKnownFileType = sourcecode.swift; path = SecondViewController.swift; sourceTree = "<group>"; };
		3680383827AD4D7800E0680E /* BaseViewController.swift */ = {isa = PBXFileReference; lastKnownFileType = sourcecode.swift; path = BaseViewController.swift; sourceTree = "<group>"; };
		3680383A27AD4D9800E0680E /* FirstViewController.swift */ = {isa = PBXFileReference; lastKnownFileType = sourcecode.swift; path = FirstViewController.swift; sourceTree = "<group>"; };
/* End PBXFileReference section */

/* Begin PBXFrameworksBuildPhase section */
		3680381C27AD4C1D00E0680E /* Frameworks */ = {
			isa = PBXFrameworksBuildPhase;
			buildActionMask = 2147483647;
			files = (
			);
			runOnlyForDeploymentPostprocessing = 0;
		};
/* End PBXFrameworksBuildPhase section */

/* Begin PBXGroup section */
		3680381627AD4C1D00E0680E = {
			isa = PBXGroup;
			children = (
				3680382127AD4C1D00E0680E /* BaseViewController with Photo Picker */,
				3680382027AD4C1D00E0680E /* Products */,
			);
			sourceTree = "<group>";
		};
		3680382027AD4C1D00E0680E /* Products */ = {
			isa = PBXGroup;
			children = (
				3680381F27AD4C1D00E0680E /* BaseViewController with Photo Picker.app */,
			);
			name = Products;
			sourceTree = "<group>";
		};
		3680382127AD4C1D00E0680E /* BaseViewController with Photo Picker */ = {
			isa = PBXGroup;
			children = (
				3680382227AD4C1D00E0680E /* AppDelegate.swift */,
				3680382427AD4C1D00E0680E /* SceneDelegate.swift */,
				3680383A27AD4D9800E0680E /* FirstViewController.swift */,
				3680383627AD4D7100E0680E /* SecondViewController.swift */,
				3680383827AD4D7800E0680E /* BaseViewController.swift */,
				3680382827AD4C1D00E0680E /* Main.storyboard */,
				3680382B27AD4C1E00E0680E /* Assets.xcassets */,
				3680382D27AD4C1E00E0680E /* LaunchScreen.storyboard */,
				3680383027AD4C1E00E0680E /* Info.plist */,
			);
			path = "BaseViewController with Photo Picker";
			sourceTree = "<group>";
		};
/* End PBXGroup section */

/* Begin PBXNativeTarget section */
		3680381E27AD4C1D00E0680E /* BaseViewController with Photo Picker */ = {
			isa = PBXNativeTarget;
			buildConfigurationList = 3680383327AD4C1E00E0680E /* Build configuration list for PBXNativeTarget "BaseViewController with Photo Picker" */;
			buildPhases = (
				3680381B27AD4C1D00E0680E /* Sources */,
				3680381C27AD4C1D00E0680E /* Frameworks */,
				3680381D27AD4C1D00E0680E /* Resources */,
			);
			buildRules = (
			);
			dependencies = (
			);
			name = "BaseViewController with Photo Picker";
			productName = "BaseViewController with Photo Picker";
			productReference = 3680381F27AD4C1D00E0680E /* BaseViewController with Photo Picker.app */;
			productType = "com.apple.product-type.application";
		};
/* End PBXNativeTarget section */

/* Begin PBXProject section */
		3680381727AD4C1D00E0680E /* Project object */ = {
			isa = PBXProject;
			attributes = {
				BuildIndependentTargetsInParallel = 1;
				LastSwiftUpdateCheck = 1320;
				LastUpgradeCheck = 1320;
				TargetAttributes = {
					3680381E27AD4C1D00E0680E = {
						CreatedOnToolsVersion = 13.2.1;
					};
				};
			};
			buildConfigurationList = 3680381A27AD4C1D00E0680E /* Build configuration list for PBXProject "BaseViewController with Photo Picker" */;
			compatibilityVersion = "Xcode 13.0";
			developmentRegion = en;
			hasScannedForEncodings = 0;
			knownRegions = (
				en,
				Base,
			);
			mainGroup = 3680381627AD4C1D00E0680E;
			productRefGroup = 3680382027AD4C1D00E0680E /* Products */;
			projectDirPath = "";
			projectRoot = "";
			targets = (
				3680381E27AD4C1D00E0680E /* BaseViewController with Photo Picker */,
			);
		};
/* End PBXProject section */

/* Begin PBXResourcesBuildPhase section */
		3680381D27AD4C1D00E0680E /* Resources */ = {
			isa = PBXResourcesBuildPhase;
			buildActionMask = 2147483647;
			files = (
				3680382F27AD4C1E00E0680E /* LaunchScreen.storyboard in Resources */,
				3680382C27AD4C1E00E0680E /* Assets.xcassets in Resources */,
				3680382A27AD4C1D00E0680E /* Main.storyboard in Resources */,
			);
			runOnlyForDeploymentPostprocessing = 0;
		};
/* End PBXResourcesBuildPhase section */

/* Begin PBXSourcesBuildPhase section */
		3680381B27AD4C1D00E0680E /* Sources */ = {
			isa = PBXSourcesBuildPhase;
			buildActionMask = 2147483647;
			files = (
				3680383B27AD4D9800E0680E /* FirstViewController.swift in Sources */,
				3680383927AD4D7800E0680E /* BaseViewController.swift in Sources */,
				3680383727AD4D7100E0680E /* SecondViewController.swift in Sources */,
				3680382327AD4C1D00E0680E /* AppDelegate.swift in Sources */,
				3680382527AD4C1D00E0680E /* SceneDelegate.swift in Sources */,
			);
			runOnlyForDeploymentPostprocessing = 0;
		};
/* End PBXSourcesBuildPhase section */

/* Begin PBXVariantGroup section */
		3680382827AD4C1D00E0680E /* Main.storyboard */ = {
			isa = PBXVariantGroup;
			children = (
				3680382927AD4C1D00E0680E /* Base */,
			);
			name = Main.storyboard;
			sourceTree = "<group>";
		};
		3680382D27AD4C1E00E0680E /* LaunchScreen.storyboard */ = {
			isa = PBXVariantGroup;
			children = (
				3680382E27AD4C1E00E0680E /* Base */,
			);
			name = LaunchScreen.storyboard;
			sourceTree = "<group>";
		};
/* End PBXVariantGroup section */

/* Begin XCBuildConfiguration section */
		3680383127AD4C1E00E0680E /* Debug */ = {
			isa = XCBuildConfiguration;
			buildSettings = {
				ALWAYS_SEARCH_USER_PATHS = NO;
				CLANG_ANALYZER_NONNULL = YES;
				CLANG_ANALYZER_NUMBER_OBJECT_CONVERSION = YES_AGGRESSIVE;
				CLANG_CXX_LANGUAGE_STANDARD = "gnu++17";
				CLANG_CXX_LIBRARY = "libc++";
				CLANG_ENABLE_MODULES = YES;
				CLANG_ENABLE_OBJC_ARC = YES;
				CLANG_ENABLE_OBJC_WEAK = YES;
				CLANG_WARN_BLOCK_CAPTURE_AUTORELEASING = YES;
				CLANG_WARN_BOOL_CONVERSION = YES;
				CLANG_WARN_COMMA = YES;
				CLANG_WARN_CONSTANT_CONVERSION = YES;
				CLANG_WARN_DEPRECATED_OBJC_IMPLEMENTATIONS = YES;
				CLANG_WARN_DIRECT_OBJC_ISA_USAGE = YES_ERROR;
				CLANG_WARN_DOCUMENTATION_COMMENTS = YES;
				CLANG_WARN_EMPTY_BODY = YES;
				CLANG_WARN_ENUM_CONVERSION = YES;
				CLANG_WARN_INFINITE_RECURSION = YES;
				CLANG_WARN_INT_CONVERSION = YES;
				CLANG_WARN_NON_LITERAL_NULL_CONVERSION = YES;
				CLANG_WARN_OBJC_IMPLICIT_RETAIN_SELF = YES;
				CLANG_WARN_OBJC_LITERAL_CONVERSION = YES;
				CLANG_WARN_OBJC_ROOT_CLASS = YES_ERROR;
				CLANG_WARN_QUOTED_INCLUDE_IN_FRAMEWORK_HEADER = YES;
				CLANG_WARN_RANGE_LOOP_ANALYSIS = YES;
				CLANG_WARN_STRICT_PROTOTYPES = YES;
				CLANG_WARN_SUSPICIOUS_MOVE = YES;
				CLANG_WARN_UNGUARDED_AVAILABILITY = YES_AGGRESSIVE;
				CLANG_WARN_UNREACHABLE_CODE = YES;
				CLANG_WARN__DUPLICATE_METHOD_MATCH = YES;
				COPY_PHASE_STRIP = NO;
				DEBUG_INFORMATION_FORMAT = dwarf;
				ENABLE_STRICT_OBJC_MSGSEND = YES;
				ENABLE_TESTABILITY = YES;
				GCC_C_LANGUAGE_STANDARD = gnu11;
				GCC_DYNAMIC_NO_PIC = NO;
				GCC_NO_COMMON_BLOCKS = YES;
				GCC_OPTIMIZATION_LEVEL = 0;
				GCC_PREPROCESSOR_DEFINITIONS = (
					"DEBUG=1",
					"$(inherited)",
				);
				GCC_WARN_64_TO_32_BIT_CONVERSION = YES;
				GCC_WARN_ABOUT_RETURN_TYPE = YES_ERROR;
				GCC_WARN_UNDECLARED_SELECTOR = YES;
				GCC_WARN_UNINITIALIZED_AUTOS = YES_AGGRESSIVE;
				GCC_WARN_UNUSED_FUNCTION = YES;
				GCC_WARN_UNUSED_VARIABLE = YES;
				IPHONEOS_DEPLOYMENT_TARGET = 15.2;
				MTL_ENABLE_DEBUG_INFO = INCLUDE_SOURCE;
				MTL_FAST_MATH = YES;
				ONLY_ACTIVE_ARCH = YES;
				SDKROOT = iphoneos;
				SWIFT_ACTIVE_COMPILATION_CONDITIONS = DEBUG;
				SWIFT_OPTIMIZATION_LEVEL = "-Onone";
			};
			name = Debug;
		};
		3680383227AD4C1E00E0680E /* Release */ = {
			isa = XCBuildConfiguration;
			buildSettings = {
				ALWAYS_SEARCH_USER_PATHS = NO;
				CLANG_ANALYZER_NONNULL = YES;
				CLANG_ANALYZER_NUMBER_OBJECT_CONVERSION = YES_AGGRESSIVE;
				CLANG_CXX_LANGUAGE_STANDARD = "gnu++17";
				CLANG_CXX_LIBRARY = "libc++";
				CLANG_ENABLE_MODULES = YES;
				CLANG_ENABLE_OBJC_ARC = YES;
				CLANG_ENABLE_OBJC_WEAK = YES;
				CLANG_WARN_BLOCK_CAPTURE_AUTORELEASING = YES;
				CLANG_WARN_BOOL_CONVERSION = YES;
				CLANG_WARN_COMMA = YES;
				CLANG_WARN_CONSTANT_CONVERSION = YES;
				CLANG_WARN_DEPRECATED_OBJC_IMPLEMENTATIONS = YES;
				CLANG_WARN_DIRECT_OBJC_ISA_USAGE = YES_ERROR;
				CLANG_WARN_DOCUMENTATION_COMMENTS = YES;
				CLANG_WARN_EMPTY_BODY = YES;
				CLANG_WARN_ENUM_CONVERSION = YES;
				CLANG_WARN_INFINITE_RECURSION = YES;
				CLANG_WARN_INT_CONVERSION = YES;
				CLANG_WARN_NON_LITERAL_NULL_CONVERSION = YES;
				CLANG_WARN_OBJC_IMPLICIT_RETAIN_SELF = YES;
				CLANG_WARN_OBJC_LITERAL_CONVERSION = YES;
				CLANG_WARN_OBJC_ROOT_CLASS = YES_ERROR;
				CLANG_WARN_QUOTED_INCLUDE_IN_FRAMEWORK_HEADER = YES;
				CLANG_WARN_RANGE_LOOP_ANALYSIS = YES;
				CLANG_WARN_STRICT_PROTOTYPES = YES;
				CLANG_WARN_SUSPICIOUS_MOVE = YES;
				CLANG_WARN_UNGUARDED_AVAILABILITY = YES_AGGRESSIVE;
				CLANG_WARN_UNREACHABLE_CODE = YES;
				CLANG_WARN__DUPLICATE_METHOD_MATCH = YES;
				COPY_PHASE_STRIP = NO;
				DEBUG_INFORMATION_FORMAT = "dwarf-with-dsym";
				ENABLE_NS_ASSERTIONS = NO;
				ENABLE_STRICT_OBJC_MSGSEND = YES;
				GCC_C_LANGUAGE_STANDARD = gnu11;
				GCC_NO_COMMON_BLOCKS = YES;
				GCC_WARN_64_TO_32_BIT_CONVERSION = YES;
				GCC_WARN_ABOUT_RETURN_TYPE = YES_ERROR;
				GCC_WARN_UNDECLARED_SELECTOR = YES;
				GCC_WARN_UNINITIALIZED_AUTOS = YES_AGGRESSIVE;
				GCC_WARN_UNUSED_FUNCTION = YES;
				GCC_WARN_UNUSED_VARIABLE = YES;
				IPHONEOS_DEPLOYMENT_TARGET = 15.2;
				MTL_ENABLE_DEBUG_INFO = NO;
				MTL_FAST_MATH = YES;
				SDKROOT = iphoneos;
				SWIFT_COMPILATION_MODE = wholemodule;
				SWIFT_OPTIMIZATION_LEVEL = "-O";
				VALIDATE_PRODUCT = YES;
			};
			name = Release;
		};
		3680383427AD4C1E00E0680E /* Debug */ = {
			isa = XCBuildConfiguration;
			buildSettings = {
				ASSETCATALOG_COMPILER_APPICON_NAME = AppIcon;
				ASSETCATALOG_COMPILER_GLOBAL_ACCENT_COLOR_NAME = AccentColor;
				CODE_SIGN_STYLE = Automatic;
				CURRENT_PROJECT_VERSION = 1;
				DEVELOPMENT_TEAM = A5CQCJSJJV;
				GENERATE_INFOPLIST_FILE = YES;
				INFOPLIST_FILE = "BaseViewController with Photo Picker/Info.plist";
				INFOPLIST_KEY_UIApplicationSupportsIndirectInputEvents = YES;
				INFOPLIST_KEY_UILaunchStoryboardName = LaunchScreen;
				INFOPLIST_KEY_UIMainStoryboardFile = Main;
				INFOPLIST_KEY_UISupportedInterfaceOrientations_iPad = "UIInterfaceOrientationPortrait UIInterfaceOrientationPortraitUpsideDown UIInterfaceOrientationLandscapeLeft UIInterfaceOrientationLandscapeRight";
				INFOPLIST_KEY_UISupportedInterfaceOrientations_iPhone = "UIInterfaceOrientationPortrait UIInterfaceOrientationLandscapeLeft UIInterfaceOrientationLandscapeRight";
				LD_RUNPATH_SEARCH_PATHS = (
					"$(inherited)",
					"@executable_path/Frameworks",
				);
				MARKETING_VERSION = 1.0;
				PRODUCT_BUNDLE_IDENTIFIER = "com.kpkcool.BaseViewController-with-Photo-Picker";
				PRODUCT_NAME = "$(TARGET_NAME)";
				SWIFT_EMIT_LOC_STRINGS = YES;
				SWIFT_VERSION = 5.0;
				TARGETED_DEVICE_FAMILY = "1,2";
			};
			name = Debug;
		};
		3680383527AD4C1E00E0680E /* Release */ = {
			isa = XCBuildConfiguration;
			buildSettings = {
				ASSETCATALOG_COMPILER_APPICON_NAME = AppIcon;
				ASSETCATALOG_COMPILER_GLOBAL_ACCENT_COLOR_NAME = AccentColor;
				CODE_SIGN_STYLE = Automatic;
				CURRENT_PROJECT_VERSION = 1;
				DEVELOPMENT_TEAM = A5CQCJSJJV;
				GENERATE_INFOPLIST_FILE = YES;
				INFOPLIST_FILE = "BaseViewController with Photo Picker/Info.plist";
				INFOPLIST_KEY_UIApplicationSupportsIndirectInputEvents = YES;
				INFOPLIST_KEY_UILaunchStoryboardName = LaunchScreen;
				INFOPLIST_KEY_UIMainStoryboardFile = Main;
				INFOPLIST_KEY_UISupportedInterfaceOrientations_iPad = "UIInterfaceOrientationPortrait UIInterfaceOrientationPortraitUpsideDown UIInterfaceOrientationLandscapeLeft UIInterfaceOrientationLandscapeRight";
				INFOPLIST_KEY_UISupportedInterfaceOrientations_iPhone = "UIInterfaceOrientationPortrait UIInterfaceOrientationLandscapeLeft UIInterfaceOrientationLandscapeRight";
				LD_RUNPATH_SEARCH_PATHS = (
					"$(inherited)",
					"@executable_path/Frameworks",
				);
				MARKETING_VERSION = 1.0;
				PRODUCT_BUNDLE_IDENTIFIER = "com.kpkcool.BaseViewController-with-Photo-Picker";
				PRODUCT_NAME = "$(TARGET_NAME)";
				SWIFT_EMIT_LOC_STRINGS = YES;
				SWIFT_VERSION = 5.0;
				TARGETED_DEVICE_FAMILY = "1,2";
			};
			name = Release;
		};
/* End XCBuildConfiguration section */

/* Begin XCConfigurationList section */
		3680381A27AD4C1D00E0680E /* Build configuration list for PBXProject "BaseViewController with Photo Picker" */ = {
			isa = XCConfigurationList;
			buildConfigurations = (
				3680383127AD4C1E00E0680E /* Debug */,
				3680383227AD4C1E00E0680E /* Release */,
			);
			defaultConfigurationIsVisible = 0;
			defaultConfigurationName = Release;
		};
		3680383327AD4C1E00E0680E /* Build configuration list for PBXNativeTarget "BaseViewController with Photo Picker" */ = {
			isa = XCConfigurationList;
			buildConfigurations = (
				3680383427AD4C1E00E0680E /* Debug */,
				3680383527AD4C1E00E0680E /* Release */,
			);
			defaultConfigurationIsVisible = 0;
			defaultConfigurationName = Release;
		};
/* End XCConfigurationList section */
	};
	rootObject = 3680381727AD4C1D00E0680E /* Project object */;
}
